// !$*UTF8*$!
{
	archiveVersion = 1;
	classes = {
	};
	objectVersion = 51;
	objects = {

/* Begin PBXBuildFile section */
		0D035329235D634E00BB79B4 /* FreeTimeViewController.swift in Sources */ = {isa = PBXBuildFile; fileRef = 0D035328235D634E00BB79B4 /* FreeTimeViewController.swift */; };
		0D1128322349A51B0080774C /* SettingsTableViewCell.swift in Sources */ = {isa = PBXBuildFile; fileRef = 0D1128302349A51B0080774C /* SettingsTableViewCell.swift */; };
		0D1128332349A51B0080774C /* SettingsTableViewCell.xib in Resources */ = {isa = PBXBuildFile; fileRef = 0D1128312349A51B0080774C /* SettingsTableViewCell.xib */; };
		0D112836234C2BF00080774C /* InfoViewController.swift in Sources */ = {isa = PBXBuildFile; fileRef = 0D112835234C2BF00080774C /* InfoViewController.swift */; };
		0D13ABFB232A15D80025EDC3 /* Start Break.wav in Resources */ = {isa = PBXBuildFile; fileRef = 0D13ABFA232A15D80025EDC3 /* Start Break.wav */; };
		0D13ABFD232A15DF0025EDC3 /* Break Timer Running.wav in Resources */ = {isa = PBXBuildFile; fileRef = 0D13ABFC232A15DF0025EDC3 /* Break Timer Running.wav */; };
		0D13ABFF232A15E60025EDC3 /* End Break.wav in Resources */ = {isa = PBXBuildFile; fileRef = 0D13ABFE232A15E60025EDC3 /* End Break.wav */; };
		0D13AC02232DDBD40025EDC3 /* Assets.xcassets in Resources */ = {isa = PBXBuildFile; fileRef = 0D13AC01232DDBD40025EDC3 /* Assets.xcassets */; };
		0D13AC04232DF0560025EDC3 /* EditPomodoroViewController.swift in Sources */ = {isa = PBXBuildFile; fileRef = 0D13AC03232DF0560025EDC3 /* EditPomodoroViewController.swift */; };
		0D1E0B19229F856000638772 /* Add_Update_BlockViewController.swift in Sources */ = {isa = PBXBuildFile; fileRef = 0D1E0B18229F856000638772 /* Add_Update_BlockViewController.swift */; };
		0D23076322D299DC00A12393 /* UpcomingCollabViewController.swift in Sources */ = {isa = PBXBuildFile; fileRef = 0D23076222D299DC00A12393 /* UpcomingCollabViewController.swift */; };
		0D23076C22D29FE900A12393 /* UpcomingCollabTableCell.swift in Sources */ = {isa = PBXBuildFile; fileRef = 0D23076A22D29FE900A12393 /* UpcomingCollabTableCell.swift */; };
		0D23076D22D29FE900A12393 /* UpcomingCollabTableCell.xib in Resources */ = {isa = PBXBuildFile; fileRef = 0D23076B22D29FE900A12393 /* UpcomingCollabTableCell.xib */; };
		0D23076F22D3B31D00A12393 /* FriendsViewController.swift in Sources */ = {isa = PBXBuildFile; fileRef = 0D23076E22D3B31D00A12393 /* FriendsViewController.swift */; };
		0D23077622D3DB6D00A12393 /* SelectedFriendViewController.swift in Sources */ = {isa = PBXBuildFile; fileRef = 0D23077522D3DB6D00A12393 /* SelectedFriendViewController.swift */; };
		0D23077822D580CF00A12393 /* NewCollabViewController.swift in Sources */ = {isa = PBXBuildFile; fileRef = 0D23077722D580CF00A12393 /* NewCollabViewController.swift */; };
		0D23077A22D6CD9900A12393 /* CollabBlockViewController.swift in Sources */ = {isa = PBXBuildFile; fileRef = 0D23077922D6CD9900A12393 /* CollabBlockViewController.swift */; };
		0D2707FC2326DF9000592EC8 /* PomodoroViewController.swift in Sources */ = {isa = PBXBuildFile; fileRef = 0D2707FB2326DF9000592EC8 /* PomodoroViewController.swift */; };
		0D2CECF0228FB55600CC9180 /* AppDelegate.swift in Sources */ = {isa = PBXBuildFile; fileRef = 0D2CECEF228FB55600CC9180 /* AppDelegate.swift */; };
		0D2CECF2228FB55600CC9180 /* TimeBlockViewController.swift in Sources */ = {isa = PBXBuildFile; fileRef = 0D2CECF1228FB55600CC9180 /* TimeBlockViewController.swift */; };
		0D2CECF5228FB55600CC9180 /* Main.storyboard in Resources */ = {isa = PBXBuildFile; fileRef = 0D2CECF3228FB55600CC9180 /* Main.storyboard */; };
		0D2CECFA228FB55800CC9180 /* LaunchScreen.storyboard in Resources */ = {isa = PBXBuildFile; fileRef = 0D2CECF8228FB55800CC9180 /* LaunchScreen.storyboard */; };
		0D2CED0A2290829300CC9180 /* CustomTimeTableCell.swift in Sources */ = {isa = PBXBuildFile; fileRef = 0D2CED082290829300CC9180 /* CustomTimeTableCell.swift */; };
		0D2CED0B2290829300CC9180 /* CustomTimeTableCell.xib in Resources */ = {isa = PBXBuildFile; fileRef = 0D2CED092290829300CC9180 /* CustomTimeTableCell.xib */; };
		0D3A9E2222EFF81F0052BCB6 /* AUCollabBlockViewController.swift in Sources */ = {isa = PBXBuildFile; fileRef = 0D3A9E2122EFF81F0052BCB6 /* AUCollabBlockViewController.swift */; };
		0D3A9E2522F367460052BCB6 /* CollabBlock.swift in Sources */ = {isa = PBXBuildFile; fileRef = 0D3A9E2422F367460052BCB6 /* CollabBlock.swift */; };
		0D3A9E2722F3EE560052BCB6 /* CollabBlockPopoverViewController.swift in Sources */ = {isa = PBXBuildFile; fileRef = 0D3A9E2622F3EE560052BCB6 /* CollabBlockPopoverViewController.swift */; };
		0D41F5BC2311C05B00B4B11E /* CollabFiveMinCell.swift in Sources */ = {isa = PBXBuildFile; fileRef = 0D41F5BB2311C05B00B4B11E /* CollabFiveMinCell.swift */; };
		0D41F5BE2311E4F100B4B11E /* CollabTenMinCell.swift in Sources */ = {isa = PBXBuildFile; fileRef = 0D41F5BD2311E4F100B4B11E /* CollabTenMinCell.swift */; };
		0D41F5C02311EC6A00B4B11E /* CollabFifteenMinCell.swift in Sources */ = {isa = PBXBuildFile; fileRef = 0D41F5BF2311EC6A00B4B11E /* CollabFifteenMinCell.swift */; };
		0D41F5C2231203A200B4B11E /* CollabTwentyMinCell.swift in Sources */ = {isa = PBXBuildFile; fileRef = 0D41F5C1231203A200B4B11E /* CollabTwentyMinCell.swift */; };
		0D41F5C423124B3700B4B11E /* CollabTwentyFiveMinCell.swift in Sources */ = {isa = PBXBuildFile; fileRef = 0D41F5C323124B3700B4B11E /* CollabTwentyFiveMinCell.swift */; };
		0D41F5C6231376FB00B4B11E /* CollabThirtyMinAndUpCell.swift in Sources */ = {isa = PBXBuildFile; fileRef = 0D41F5C5231376FB00B4B11E /* CollabThirtyMinAndUpCell.swift */; };
		0D872F7622DBE435001D35B4 /* FriendRequest.swift in Sources */ = {isa = PBXBuildFile; fileRef = 0D872F7522DBE435001D35B4 /* FriendRequest.swift */; };
		0D872F7822DEE925001D35B4 /* PendingFriend.swift in Sources */ = {isa = PBXBuildFile; fileRef = 0D872F7722DEE925001D35B4 /* PendingFriend.swift */; };
		0D872F7A22E01F7C001D35B4 /* Friend.swift in Sources */ = {isa = PBXBuildFile; fileRef = 0D872F7922E01F7C001D35B4 /* Friend.swift */; };
		0D872F7C22E25350001D35B4 /* UserSingleton.swift in Sources */ = {isa = PBXBuildFile; fileRef = 0D872F7B22E25350001D35B4 /* UserSingleton.swift */; };
		0D872F7F22E2ABF0001D35B4 /* UpcomingCollab.swift in Sources */ = {isa = PBXBuildFile; fileRef = 0D872F7E22E2ABF0001D35B4 /* UpcomingCollab.swift */; };
		0D872F8122E65F8E001D35B4 /* PendingCollab.swift in Sources */ = {isa = PBXBuildFile; fileRef = 0D872F8022E65F8D001D35B4 /* PendingCollab.swift */; };
		0D93300822927C7500B6191D /* Block.swift in Sources */ = {isa = PBXBuildFile; fileRef = 0D93300722927C7500B6191D /* Block.swift */; };
		0D95C17A232886C400421BE0 /* Start Timer.wav in Resources */ = {isa = PBXBuildFile; fileRef = 0D95C179232886C400421BE0 /* Start Timer.wav */; };
		0D95C17C2328923000421BE0 /* Timer Running.wav in Resources */ = {isa = PBXBuildFile; fileRef = 0D95C17B2328923000421BE0 /* Timer Running.wav */; };
		0DA9F83522A84833008BECAE /* FreeTime.storyboard in Resources */ = {isa = PBXBuildFile; fileRef = 0DA9F83422A84833008BECAE /* FreeTime.storyboard */; };
		0DA9F83722A84862008BECAE /* Pomodoro.storyboard in Resources */ = {isa = PBXBuildFile; fileRef = 0DA9F83622A84862008BECAE /* Pomodoro.storyboard */; };
		0DA9F83922A84879008BECAE /* TimeBlock.storyboard in Resources */ = {isa = PBXBuildFile; fileRef = 0DA9F83822A84879008BECAE /* TimeBlock.storyboard */; };
		0DA9F83B22A8488E008BECAE /* Collab.storyboard in Resources */ = {isa = PBXBuildFile; fileRef = 0DA9F83A22A8488E008BECAE /* Collab.storyboard */; };
		0DA9F83D22A848A5008BECAE /* UserSettings.storyboard in Resources */ = {isa = PBXBuildFile; fileRef = 0DA9F83C22A848A5008BECAE /* UserSettings.storyboard */; };
		0DA9F83F22A86C26008BECAE /* TimeBlocksDate.swift in Sources */ = {isa = PBXBuildFile; fileRef = 0DA9F83E22A86C26008BECAE /* TimeBlocksDate.swift */; };
		0DA9F84122AC7C42008BECAE /* BlockPopoverViewController.swift in Sources */ = {isa = PBXBuildFile; fileRef = 0DA9F84022AC7C42008BECAE /* BlockPopoverViewController.swift */; };
		0DADDAAC2355915700E79F89 /* TimeFiveMinCell.swift in Sources */ = {isa = PBXBuildFile; fileRef = 0DADDAAB2355915700E79F89 /* TimeFiveMinCell.swift */; };
		0DADDAAE2355916A00E79F89 /* TimeTenMinCell.swift in Sources */ = {isa = PBXBuildFile; fileRef = 0DADDAAD2355916A00E79F89 /* TimeTenMinCell.swift */; };
		0DADDAB02355917C00E79F89 /* TimeFifteenMinCell.swift in Sources */ = {isa = PBXBuildFile; fileRef = 0DADDAAF2355917C00E79F89 /* TimeFifteenMinCell.swift */; };
		0DADDAB22355918A00E79F89 /* TimeTwentyMinCell.swift in Sources */ = {isa = PBXBuildFile; fileRef = 0DADDAB12355918A00E79F89 /* TimeTwentyMinCell.swift */; };
		0DADDAB42355919800E79F89 /* TimeTwentyFiveMinCell.swift in Sources */ = {isa = PBXBuildFile; fileRef = 0DADDAB32355919800E79F89 /* TimeTwentyFiveMinCell.swift */; };
		0DADDAB6235591C200E79F89 /* TimeThirtyMinAndUpCell.swift in Sources */ = {isa = PBXBuildFile; fileRef = 0DADDAB5235591C200E79F89 /* TimeThirtyMinAndUpCell.swift */; };
		0DADDAB823579D1500E79F89 /* GoogleService-Info.plist in Resources */ = {isa = PBXBuildFile; fileRef = 0DADDAB723579D1400E79F89 /* GoogleService-Info.plist */; };
		0DBF3E9722B03DC800E180D2 /* ProgressHUD.m in Sources */ = {isa = PBXBuildFile; fileRef = 0DBF3E9522B03DC800E180D2 /* ProgressHUD.m */; };
		0DBF3E9822B03DC800E180D2 /* ProgressHUD.bundle in Resources */ = {isa = PBXBuildFile; fileRef = 0DBF3E9622B03DC800E180D2 /* ProgressHUD.bundle */; };
		0DBF3EA622BB1E7900E180D2 /* DateCell.swift in Sources */ = {isa = PBXBuildFile; fileRef = 0DBF3EA522BB1E7900E180D2 /* DateCell.swift */; };
		0DBF3EAA22BD3F3200E180D2 /* DateHeader.swift in Sources */ = {isa = PBXBuildFile; fileRef = 0DBF3EA922BD3F3200E180D2 /* DateHeader.swift */; };
		0DDDA64F22D7D61B00B69A4E /* LogIn_RegisterViewController.swift in Sources */ = {isa = PBXBuildFile; fileRef = 0DDDA64E22D7D61B00B69A4E /* LogIn_RegisterViewController.swift */; };
		0DDDA65122DA59BE00B69A4E /* AddFriendViewController.swift in Sources */ = {isa = PBXBuildFile; fileRef = 0DDDA65022DA59BE00B69A4E /* AddFriendViewController.swift */; };
		0DDDA65522DA842A00B69A4E /* FriendSearchResults.swift in Sources */ = {isa = PBXBuildFile; fileRef = 0DDDA65422DA842A00B69A4E /* FriendSearchResults.swift */; };
		0DDF79C52346AB9B00BAAD51 /* UserSettingsViewController.swift in Sources */ = {isa = PBXBuildFile; fileRef = 0DDF79C42346AB9B00BAAD51 /* UserSettingsViewController.swift */; };
		0DDF79C72346CE0500BAAD51 /* ProfileCell.swift in Sources */ = {isa = PBXBuildFile; fileRef = 0DDF79C62346CE0500BAAD51 /* ProfileCell.swift */; };
		0DE3CDD8235FDD3A005255A1 /* Cards.swift in Sources */ = {isa = PBXBuildFile; fileRef = 0DE3CDD7235FDD3A005255A1 /* Cards.swift */; };
		0DE3CDDA235FDD49005255A1 /* Tasks.swift in Sources */ = {isa = PBXBuildFile; fileRef = 0DE3CDD9235FDD49005255A1 /* Tasks.swift */; };
		0DFE5C1C231DF7C10025B4EB /* FriendCell.swift in Sources */ = {isa = PBXBuildFile; fileRef = 0DFE5C1B231DF7C10025B4EB /* FriendCell.swift */; };
		BDD8D2BCA074E3C351301BA2 /* Pods_Block_Pro.framework in Frameworks */ = {isa = PBXBuildFile; fileRef = 98E6050DEED70E18C306AE20 /* Pods_Block_Pro.framework */; };
/* End PBXBuildFile section */

/* Begin PBXFileReference section */
		0D035328235D634E00BB79B4 /* FreeTimeViewController.swift */ = {isa = PBXFileReference; lastKnownFileType = sourcecode.swift; path = FreeTimeViewController.swift; sourceTree = "<group>"; };
		0D1128302349A51B0080774C /* SettingsTableViewCell.swift */ = {isa = PBXFileReference; lastKnownFileType = sourcecode.swift; path = SettingsTableViewCell.swift; sourceTree = "<group>"; };
		0D1128312349A51B0080774C /* SettingsTableViewCell.xib */ = {isa = PBXFileReference; lastKnownFileType = file.xib; path = SettingsTableViewCell.xib; sourceTree = "<group>"; };
		0D112835234C2BF00080774C /* InfoViewController.swift */ = {isa = PBXFileReference; lastKnownFileType = sourcecode.swift; path = InfoViewController.swift; sourceTree = "<group>"; };
		0D13ABFA232A15D80025EDC3 /* Start Break.wav */ = {isa = PBXFileReference; lastKnownFileType = audio.wav; path = "Start Break.wav"; sourceTree = "<group>"; };
		0D13ABFC232A15DF0025EDC3 /* Break Timer Running.wav */ = {isa = PBXFileReference; lastKnownFileType = audio.wav; path = "Break Timer Running.wav"; sourceTree = "<group>"; };
		0D13ABFE232A15E60025EDC3 /* End Break.wav */ = {isa = PBXFileReference; lastKnownFileType = audio.wav; path = "End Break.wav"; sourceTree = "<group>"; };
		0D13AC01232DDBD40025EDC3 /* Assets.xcassets */ = {isa = PBXFileReference; lastKnownFileType = folder.assetcatalog; path = Assets.xcassets; sourceTree = "<group>"; };
		0D13AC03232DF0560025EDC3 /* EditPomodoroViewController.swift */ = {isa = PBXFileReference; lastKnownFileType = sourcecode.swift; path = EditPomodoroViewController.swift; sourceTree = "<group>"; };
		0D1E0B18229F856000638772 /* Add_Update_BlockViewController.swift */ = {isa = PBXFileReference; lastKnownFileType = sourcecode.swift; path = Add_Update_BlockViewController.swift; sourceTree = "<group>"; };
		0D23076222D299DC00A12393 /* UpcomingCollabViewController.swift */ = {isa = PBXFileReference; lastKnownFileType = sourcecode.swift; path = UpcomingCollabViewController.swift; sourceTree = "<group>"; };
		0D23076A22D29FE900A12393 /* UpcomingCollabTableCell.swift */ = {isa = PBXFileReference; lastKnownFileType = sourcecode.swift; path = UpcomingCollabTableCell.swift; sourceTree = "<group>"; };
		0D23076B22D29FE900A12393 /* UpcomingCollabTableCell.xib */ = {isa = PBXFileReference; lastKnownFileType = file.xib; path = UpcomingCollabTableCell.xib; sourceTree = "<group>"; };
		0D23076E22D3B31D00A12393 /* FriendsViewController.swift */ = {isa = PBXFileReference; lastKnownFileType = sourcecode.swift; path = FriendsViewController.swift; sourceTree = "<group>"; };
		0D23077522D3DB6D00A12393 /* SelectedFriendViewController.swift */ = {isa = PBXFileReference; lastKnownFileType = sourcecode.swift; path = SelectedFriendViewController.swift; sourceTree = "<group>"; };
		0D23077722D580CF00A12393 /* NewCollabViewController.swift */ = {isa = PBXFileReference; lastKnownFileType = sourcecode.swift; path = NewCollabViewController.swift; sourceTree = "<group>"; };
		0D23077922D6CD9900A12393 /* CollabBlockViewController.swift */ = {isa = PBXFileReference; lastKnownFileType = sourcecode.swift; path = CollabBlockViewController.swift; sourceTree = "<group>"; };
		0D2707FB2326DF9000592EC8 /* PomodoroViewController.swift */ = {isa = PBXFileReference; lastKnownFileType = sourcecode.swift; path = PomodoroViewController.swift; sourceTree = "<group>"; };
		0D2CECEC228FB55600CC9180 /* Block Pro.app */ = {isa = PBXFileReference; explicitFileType = wrapper.application; includeInIndex = 0; path = "Block Pro.app"; sourceTree = BUILT_PRODUCTS_DIR; };
		0D2CECEF228FB55600CC9180 /* AppDelegate.swift */ = {isa = PBXFileReference; lastKnownFileType = sourcecode.swift; path = AppDelegate.swift; sourceTree = "<group>"; };
		0D2CECF1228FB55600CC9180 /* TimeBlockViewController.swift */ = {isa = PBXFileReference; lastKnownFileType = sourcecode.swift; path = TimeBlockViewController.swift; sourceTree = "<group>"; };
		0D2CECF4228FB55600CC9180 /* Base */ = {isa = PBXFileReference; lastKnownFileType = file.storyboard; name = Base; path = Base.lproj/Main.storyboard; sourceTree = "<group>"; };
		0D2CECF9228FB55800CC9180 /* Base */ = {isa = PBXFileReference; lastKnownFileType = file.storyboard; name = Base; path = Base.lproj/LaunchScreen.storyboard; sourceTree = "<group>"; };
		0D2CECFB228FB55800CC9180 /* Info.plist */ = {isa = PBXFileReference; lastKnownFileType = text.plist.xml; path = Info.plist; sourceTree = "<group>"; };
		0D2CED082290829300CC9180 /* CustomTimeTableCell.swift */ = {isa = PBXFileReference; lastKnownFileType = sourcecode.swift; path = CustomTimeTableCell.swift; sourceTree = "<group>"; };
		0D2CED092290829300CC9180 /* CustomTimeTableCell.xib */ = {isa = PBXFileReference; lastKnownFileType = file.xib; path = CustomTimeTableCell.xib; sourceTree = "<group>"; };
		0D3A9E2122EFF81F0052BCB6 /* AUCollabBlockViewController.swift */ = {isa = PBXFileReference; lastKnownFileType = sourcecode.swift; path = AUCollabBlockViewController.swift; sourceTree = "<group>"; };
		0D3A9E2422F367460052BCB6 /* CollabBlock.swift */ = {isa = PBXFileReference; lastKnownFileType = sourcecode.swift; path = CollabBlock.swift; sourceTree = "<group>"; };
		0D3A9E2622F3EE560052BCB6 /* CollabBlockPopoverViewController.swift */ = {isa = PBXFileReference; lastKnownFileType = sourcecode.swift; path = CollabBlockPopoverViewController.swift; sourceTree = "<group>"; };
		0D41F5BB2311C05B00B4B11E /* CollabFiveMinCell.swift */ = {isa = PBXFileReference; lastKnownFileType = sourcecode.swift; path = CollabFiveMinCell.swift; sourceTree = "<group>"; };
		0D41F5BD2311E4F100B4B11E /* CollabTenMinCell.swift */ = {isa = PBXFileReference; lastKnownFileType = sourcecode.swift; path = CollabTenMinCell.swift; sourceTree = "<group>"; };
		0D41F5BF2311EC6A00B4B11E /* CollabFifteenMinCell.swift */ = {isa = PBXFileReference; lastKnownFileType = sourcecode.swift; path = CollabFifteenMinCell.swift; sourceTree = "<group>"; };
		0D41F5C1231203A200B4B11E /* CollabTwentyMinCell.swift */ = {isa = PBXFileReference; lastKnownFileType = sourcecode.swift; path = CollabTwentyMinCell.swift; sourceTree = "<group>"; };
		0D41F5C323124B3700B4B11E /* CollabTwentyFiveMinCell.swift */ = {isa = PBXFileReference; lastKnownFileType = sourcecode.swift; path = CollabTwentyFiveMinCell.swift; sourceTree = "<group>"; };
		0D41F5C5231376FB00B4B11E /* CollabThirtyMinAndUpCell.swift */ = {isa = PBXFileReference; lastKnownFileType = sourcecode.swift; path = CollabThirtyMinAndUpCell.swift; sourceTree = "<group>"; };
		0D872F7522DBE435001D35B4 /* FriendRequest.swift */ = {isa = PBXFileReference; lastKnownFileType = sourcecode.swift; path = FriendRequest.swift; sourceTree = "<group>"; };
		0D872F7722DEE925001D35B4 /* PendingFriend.swift */ = {isa = PBXFileReference; lastKnownFileType = sourcecode.swift; path = PendingFriend.swift; sourceTree = "<group>"; };
		0D872F7922E01F7C001D35B4 /* Friend.swift */ = {isa = PBXFileReference; lastKnownFileType = sourcecode.swift; path = Friend.swift; sourceTree = "<group>"; };
		0D872F7B22E25350001D35B4 /* UserSingleton.swift */ = {isa = PBXFileReference; lastKnownFileType = sourcecode.swift; path = UserSingleton.swift; sourceTree = "<group>"; };
		0D872F7E22E2ABF0001D35B4 /* UpcomingCollab.swift */ = {isa = PBXFileReference; lastKnownFileType = sourcecode.swift; path = UpcomingCollab.swift; sourceTree = "<group>"; };
		0D872F8022E65F8D001D35B4 /* PendingCollab.swift */ = {isa = PBXFileReference; lastKnownFileType = sourcecode.swift; path = PendingCollab.swift; sourceTree = "<group>"; };
		0D93300722927C7500B6191D /* Block.swift */ = {isa = PBXFileReference; lastKnownFileType = sourcecode.swift; path = Block.swift; sourceTree = "<group>"; };
		0D95C179232886C400421BE0 /* Start Timer.wav */ = {isa = PBXFileReference; lastKnownFileType = audio.wav; path = "Start Timer.wav"; sourceTree = "<group>"; };
		0D95C17B2328923000421BE0 /* Timer Running.wav */ = {isa = PBXFileReference; lastKnownFileType = audio.wav; path = "Timer Running.wav"; sourceTree = "<group>"; };
		0DA9F83422A84833008BECAE /* FreeTime.storyboard */ = {isa = PBXFileReference; lastKnownFileType = file.storyboard; path = FreeTime.storyboard; sourceTree = "<group>"; };
		0DA9F83622A84862008BECAE /* Pomodoro.storyboard */ = {isa = PBXFileReference; lastKnownFileType = file.storyboard; path = Pomodoro.storyboard; sourceTree = "<group>"; };
		0DA9F83822A84879008BECAE /* TimeBlock.storyboard */ = {isa = PBXFileReference; lastKnownFileType = file.storyboard; path = TimeBlock.storyboard; sourceTree = "<group>"; };
		0DA9F83A22A8488E008BECAE /* Collab.storyboard */ = {isa = PBXFileReference; lastKnownFileType = file.storyboard; path = Collab.storyboard; sourceTree = "<group>"; };
		0DA9F83C22A848A5008BECAE /* UserSettings.storyboard */ = {isa = PBXFileReference; lastKnownFileType = file.storyboard; path = UserSettings.storyboard; sourceTree = "<group>"; };
		0DA9F83E22A86C26008BECAE /* TimeBlocksDate.swift */ = {isa = PBXFileReference; lastKnownFileType = sourcecode.swift; path = TimeBlocksDate.swift; sourceTree = "<group>"; };
		0DA9F84022AC7C42008BECAE /* BlockPopoverViewController.swift */ = {isa = PBXFileReference; lastKnownFileType = sourcecode.swift; path = BlockPopoverViewController.swift; sourceTree = "<group>"; };
		0DADDAAB2355915700E79F89 /* TimeFiveMinCell.swift */ = {isa = PBXFileReference; lastKnownFileType = sourcecode.swift; path = TimeFiveMinCell.swift; sourceTree = "<group>"; };
		0DADDAAD2355916A00E79F89 /* TimeTenMinCell.swift */ = {isa = PBXFileReference; lastKnownFileType = sourcecode.swift; path = TimeTenMinCell.swift; sourceTree = "<group>"; };
		0DADDAAF2355917C00E79F89 /* TimeFifteenMinCell.swift */ = {isa = PBXFileReference; lastKnownFileType = sourcecode.swift; path = TimeFifteenMinCell.swift; sourceTree = "<group>"; };
		0DADDAB12355918A00E79F89 /* TimeTwentyMinCell.swift */ = {isa = PBXFileReference; lastKnownFileType = sourcecode.swift; path = TimeTwentyMinCell.swift; sourceTree = "<group>"; };
		0DADDAB32355919800E79F89 /* TimeTwentyFiveMinCell.swift */ = {isa = PBXFileReference; lastKnownFileType = sourcecode.swift; path = TimeTwentyFiveMinCell.swift; sourceTree = "<group>"; };
		0DADDAB5235591C200E79F89 /* TimeThirtyMinAndUpCell.swift */ = {isa = PBXFileReference; lastKnownFileType = sourcecode.swift; path = TimeThirtyMinAndUpCell.swift; sourceTree = "<group>"; };
		0DADDAB723579D1400E79F89 /* GoogleService-Info.plist */ = {isa = PBXFileReference; fileEncoding = 4; lastKnownFileType = text.plist.xml; path = "GoogleService-Info.plist"; sourceTree = "<group>"; };
		0DBF3E9322B03DC700E180D2 /* Block Pro-Bridging-Header.h */ = {isa = PBXFileReference; lastKnownFileType = sourcecode.c.h; path = "Block Pro-Bridging-Header.h"; sourceTree = "<group>"; };
		0DBF3E9422B03DC800E180D2 /* ProgressHUD.h */ = {isa = PBXFileReference; fileEncoding = 4; lastKnownFileType = sourcecode.c.h; path = ProgressHUD.h; sourceTree = "<group>"; };
		0DBF3E9522B03DC800E180D2 /* ProgressHUD.m */ = {isa = PBXFileReference; fileEncoding = 4; lastKnownFileType = sourcecode.c.objc; path = ProgressHUD.m; sourceTree = "<group>"; };
		0DBF3E9622B03DC800E180D2 /* ProgressHUD.bundle */ = {isa = PBXFileReference; lastKnownFileType = "wrapper.plug-in"; path = ProgressHUD.bundle; sourceTree = "<group>"; };
		0DBF3EA522BB1E7900E180D2 /* DateCell.swift */ = {isa = PBXFileReference; lastKnownFileType = sourcecode.swift; path = DateCell.swift; sourceTree = "<group>"; };
		0DBF3EA922BD3F3200E180D2 /* DateHeader.swift */ = {isa = PBXFileReference; lastKnownFileType = sourcecode.swift; path = DateHeader.swift; sourceTree = "<group>"; };
		0DDDA64E22D7D61B00B69A4E /* LogIn_RegisterViewController.swift */ = {isa = PBXFileReference; lastKnownFileType = sourcecode.swift; path = LogIn_RegisterViewController.swift; sourceTree = "<group>"; };
		0DDDA65022DA59BE00B69A4E /* AddFriendViewController.swift */ = {isa = PBXFileReference; lastKnownFileType = sourcecode.swift; path = AddFriendViewController.swift; sourceTree = "<group>"; };
		0DDDA65422DA842A00B69A4E /* FriendSearchResults.swift */ = {isa = PBXFileReference; lastKnownFileType = sourcecode.swift; path = FriendSearchResults.swift; sourceTree = "<group>"; };
		0DDF79C42346AB9B00BAAD51 /* UserSettingsViewController.swift */ = {isa = PBXFileReference; lastKnownFileType = sourcecode.swift; path = UserSettingsViewController.swift; sourceTree = "<group>"; };
		0DDF79C62346CE0500BAAD51 /* ProfileCell.swift */ = {isa = PBXFileReference; lastKnownFileType = sourcecode.swift; path = ProfileCell.swift; sourceTree = "<group>"; };
		0DE3CDD7235FDD3A005255A1 /* Cards.swift */ = {isa = PBXFileReference; lastKnownFileType = sourcecode.swift; path = Cards.swift; sourceTree = "<group>"; };
		0DE3CDD9235FDD49005255A1 /* Tasks.swift */ = {isa = PBXFileReference; lastKnownFileType = sourcecode.swift; path = Tasks.swift; sourceTree = "<group>"; };
		0DFE5C1B231DF7C10025B4EB /* FriendCell.swift */ = {isa = PBXFileReference; lastKnownFileType = sourcecode.swift; path = FriendCell.swift; sourceTree = "<group>"; };
		1D0490F2C7F38046D7568719 /* Pods-Block Pro.debug.xcconfig */ = {isa = PBXFileReference; includeInIndex = 1; lastKnownFileType = text.xcconfig; name = "Pods-Block Pro.debug.xcconfig"; path = "Pods/Target Support Files/Pods-Block Pro/Pods-Block Pro.debug.xcconfig"; sourceTree = "<group>"; };
		98E6050DEED70E18C306AE20 /* Pods_Block_Pro.framework */ = {isa = PBXFileReference; explicitFileType = wrapper.framework; includeInIndex = 0; path = Pods_Block_Pro.framework; sourceTree = BUILT_PRODUCTS_DIR; };
		D04DF5311F0F5E23147C9F68 /* Pods-Block Pro.release.xcconfig */ = {isa = PBXFileReference; includeInIndex = 1; lastKnownFileType = text.xcconfig; name = "Pods-Block Pro.release.xcconfig"; path = "Pods/Target Support Files/Pods-Block Pro/Pods-Block Pro.release.xcconfig"; sourceTree = "<group>"; };
/* End PBXFileReference section */

/* Begin PBXFrameworksBuildPhase section */
		0D2CECE9228FB55600CC9180 /* Frameworks */ = {
			isa = PBXFrameworksBuildPhase;
			buildActionMask = 2147483647;
			files = (
				BDD8D2BCA074E3C351301BA2 /* Pods_Block_Pro.framework in Frameworks */,
			);
			runOnlyForDeploymentPostprocessing = 0;
		};
/* End PBXFrameworksBuildPhase section */

/* Begin PBXGroup section */
		01F30856D4BDBF689B9226EF /* Pods */ = {
			isa = PBXGroup;
			children = (
				1D0490F2C7F38046D7568719 /* Pods-Block Pro.debug.xcconfig */,
				D04DF5311F0F5E23147C9F68 /* Pods-Block Pro.release.xcconfig */,
			);
			name = Pods;
			sourceTree = "<group>";
		};
		0D1128342349A53B0080774C /* SettingsCell */ = {
			isa = PBXGroup;
			children = (
				0D1128302349A51B0080774C /* SettingsTableViewCell.swift */,
				0D1128312349A51B0080774C /* SettingsTableViewCell.xib */,
			);
			path = SettingsCell;
			sourceTree = "<group>";
		};
		0D13AC00232A15F30025EDC3 /* Pomodoro Audio Files */ = {
			isa = PBXGroup;
			children = (
				0D95C179232886C400421BE0 /* Start Timer.wav */,
				0D95C17B2328923000421BE0 /* Timer Running.wav */,
				0D13ABFA232A15D80025EDC3 /* Start Break.wav */,
				0D13ABFC232A15DF0025EDC3 /* Break Timer Running.wav */,
				0D13ABFE232A15E60025EDC3 /* End Break.wav */,
			);
			path = "Pomodoro Audio Files";
			sourceTree = "<group>";
		};
		0D23076022D284F500A12393 /* JTAppleCalendar Files */ = {
			isa = PBXGroup;
			children = (
				0DBF3EA522BB1E7900E180D2 /* DateCell.swift */,
				0DBF3EA922BD3F3200E180D2 /* DateHeader.swift */,
			);
			path = "JTAppleCalendar Files";
			sourceTree = "<group>";
		};
		0D23076122D2851C00A12393 /* TimeBlock Controller Files  */ = {
			isa = PBXGroup;
			children = (
				0D2CECF1228FB55600CC9180 /* TimeBlockViewController.swift */,
				0DA9F84022AC7C42008BECAE /* BlockPopoverViewController.swift */,
				0D1E0B18229F856000638772 /* Add_Update_BlockViewController.swift */,
				0D23076022D284F500A12393 /* JTAppleCalendar Files */,
			);
			path = "TimeBlock Controller Files ";
			sourceTree = "<group>";
		};
		0D23076422D299E700A12393 /* Collab Controller Files */ = {
			isa = PBXGroup;
			children = (
				0DDDA64E22D7D61B00B69A4E /* LogIn_RegisterViewController.swift */,
				0D23076222D299DC00A12393 /* UpcomingCollabViewController.swift */,
				0D23077722D580CF00A12393 /* NewCollabViewController.swift */,
				0D23076E22D3B31D00A12393 /* FriendsViewController.swift */,
				0D23077522D3DB6D00A12393 /* SelectedFriendViewController.swift */,
				0DDDA65022DA59BE00B69A4E /* AddFriendViewController.swift */,
				0D3A9E2322EFF82D0052BCB6 /* CollabBlock Controller Files */,
			);
			path = "Collab Controller Files";
			sourceTree = "<group>";
		};
		0D23076922D29F6900A12393 /* UpcomingCollabViewCell */ = {
			isa = PBXGroup;
			children = (
				0D23076A22D29FE900A12393 /* UpcomingCollabTableCell.swift */,
				0D23076B22D29FE900A12393 /* UpcomingCollabTableCell.xib */,
			);
			path = UpcomingCollabViewCell;
			sourceTree = "<group>";
		};
		0D2707FD2326DFB900592EC8 /* Pomodoro Controller Files */ = {
			isa = PBXGroup;
			children = (
				0D2707FB2326DF9000592EC8 /* PomodoroViewController.swift */,
				0D13AC03232DF0560025EDC3 /* EditPomodoroViewController.swift */,
			);
			path = "Pomodoro Controller Files";
			sourceTree = "<group>";
		};
		0D2CECE3228FB55600CC9180 = {
			isa = PBXGroup;
			children = (
				0D2CECEE228FB55600CC9180 /* Block Pro */,
				0D2CECED228FB55600CC9180 /* Products */,
				0DBF3E9222B03D7A00E180D2 /* Supporting Files */,
				01F30856D4BDBF689B9226EF /* Pods */,
				228C6ABD480D61E87673ABC1 /* Frameworks */,
			);
			sourceTree = "<group>";
		};
		0D2CECED228FB55600CC9180 /* Products */ = {
			isa = PBXGroup;
			children = (
				0D2CECEC228FB55600CC9180 /* Block Pro.app */,
			);
			name = Products;
			sourceTree = "<group>";
		};
		0D2CECEE228FB55600CC9180 /* Block Pro */ = {
			isa = PBXGroup;
			children = (
				0D2CECEF228FB55600CC9180 /* AppDelegate.swift */,
				0D93300B22927C9100B6191D /* Model */,
				0D2CED02228FC75B00CC9180 /* View */,
				0D2CED01228FC73A00CC9180 /* Controllers */,
				0D13AC01232DDBD40025EDC3 /* Assets.xcassets */,
				0D13AC00232A15F30025EDC3 /* Pomodoro Audio Files */,
				0D2CECFB228FB55800CC9180 /* Info.plist */,
				0DADDAB723579D1400E79F89 /* GoogleService-Info.plist */,
			);
			path = "Block Pro";
			sourceTree = "<group>";
		};
		0D2CED01228FC73A00CC9180 /* Controllers */ = {
			isa = PBXGroup;
			children = (
				0DE3CDDC23629AAD005255A1 /* FreeTime Controller Files */,
				0D2707FD2326DFB900592EC8 /* Pomodoro Controller Files */,
				0D23076122D2851C00A12393 /* TimeBlock Controller Files  */,
				0D23076422D299E700A12393 /* Collab Controller Files */,
				0DDF79C323466ED100BAAD51 /* User Controller Files */,
			);
			path = Controllers;
			sourceTree = "<group>";
		};
		0D2CED02228FC75B00CC9180 /* View */ = {
			isa = PBXGroup;
			children = (
				0DA9F83322A84788008BECAE /* Storyboards */,
				0D2CED0722907B0E00CC9180 /* Custom Cells */,
			);
			path = View;
			sourceTree = "<group>";
		};
		0D2CED0722907B0E00CC9180 /* Custom Cells */ = {
			isa = PBXGroup;
			children = (
				0D810DFF236C4339005B5583 /* FriendCell */,
				0D810DFE236C4325005B5583 /* UserSettings Cell */,
				0DADDAAA2355911C00E79F89 /* TimeBlock Files */,
				0DADDAA923558D5D00E79F89 /* CollabBlock Files */,
				0D1128342349A53B0080774C /* SettingsCell */,
				0D933012229373B000B6191D /* TimeTableViewCell */,
				0D23076922D29F6900A12393 /* UpcomingCollabViewCell */,
			);
			path = "Custom Cells";
			sourceTree = "<group>";
		};
		0D3A9E2322EFF82D0052BCB6 /* CollabBlock Controller Files */ = {
			isa = PBXGroup;
			children = (
				0D23077922D6CD9900A12393 /* CollabBlockViewController.swift */,
				0D3A9E2622F3EE560052BCB6 /* CollabBlockPopoverViewController.swift */,
				0D3A9E2122EFF81F0052BCB6 /* AUCollabBlockViewController.swift */,
			);
			path = "CollabBlock Controller Files";
			sourceTree = "<group>";
		};
		0D810DFE236C4325005B5583 /* UserSettings Cell */ = {
			isa = PBXGroup;
			children = (
				0DDF79C62346CE0500BAAD51 /* ProfileCell.swift */,
			);
			path = "UserSettings Cell";
			sourceTree = "<group>";
		};
		0D810DFF236C4339005B5583 /* FriendCell */ = {
			isa = PBXGroup;
			children = (
				0DFE5C1B231DF7C10025B4EB /* FriendCell.swift */,
			);
			path = FriendCell;
			sourceTree = "<group>";
		};
		0D872F7D22E2AB72001D35B4 /* Collab Model Files */ = {
			isa = PBXGroup;
			children = (
				0D872F7B22E25350001D35B4 /* UserSingleton.swift */,
				0D872F8022E65F8D001D35B4 /* PendingCollab.swift */,
				0D872F7E22E2ABF0001D35B4 /* UpcomingCollab.swift */,
				0D872F7722DEE925001D35B4 /* PendingFriend.swift */,
				0D872F7922E01F7C001D35B4 /* Friend.swift */,
				0D872F7522DBE435001D35B4 /* FriendRequest.swift */,
				0DDDA65422DA842A00B69A4E /* FriendSearchResults.swift */,
				0D3A9E2422F367460052BCB6 /* CollabBlock.swift */,
			);
			path = "Collab Model Files";
			sourceTree = "<group>";
		};
		0D93300B22927C9100B6191D /* Model */ = {
			isa = PBXGroup;
			children = (
				0DA9F83E22A86C26008BECAE /* TimeBlocksDate.swift */,
				0D93300722927C7500B6191D /* Block.swift */,
				0DE3CDDB235FDD5A005255A1 /* FreeTime Model */,
				0D872F7D22E2AB72001D35B4 /* Collab Model Files */,
			);
			path = Model;
			sourceTree = "<group>";
		};
		0D933012229373B000B6191D /* TimeTableViewCell */ = {
			isa = PBXGroup;
			children = (
				0D2CED082290829300CC9180 /* CustomTimeTableCell.swift */,
				0D2CED092290829300CC9180 /* CustomTimeTableCell.xib */,
			);
			path = TimeTableViewCell;
			sourceTree = "<group>";
		};
		0DA9F83322A84788008BECAE /* Storyboards */ = {
			isa = PBXGroup;
			children = (
				0D2CECF8228FB55800CC9180 /* LaunchScreen.storyboard */,
				0D2CECF3228FB55600CC9180 /* Main.storyboard */,
				0DA9F83422A84833008BECAE /* FreeTime.storyboard */,
				0DA9F83622A84862008BECAE /* Pomodoro.storyboard */,
				0DA9F83822A84879008BECAE /* TimeBlock.storyboard */,
				0DA9F83A22A8488E008BECAE /* Collab.storyboard */,
				0DA9F83C22A848A5008BECAE /* UserSettings.storyboard */,
			);
			path = Storyboards;
			sourceTree = "<group>";
		};
		0DADDAA923558D5D00E79F89 /* CollabBlock Files */ = {
			isa = PBXGroup;
			children = (
				0D41F5BB2311C05B00B4B11E /* CollabFiveMinCell.swift */,
				0D41F5BD2311E4F100B4B11E /* CollabTenMinCell.swift */,
				0D41F5BF2311EC6A00B4B11E /* CollabFifteenMinCell.swift */,
				0D41F5C1231203A200B4B11E /* CollabTwentyMinCell.swift */,
				0D41F5C323124B3700B4B11E /* CollabTwentyFiveMinCell.swift */,
				0D41F5C5231376FB00B4B11E /* CollabThirtyMinAndUpCell.swift */,
			);
			path = "CollabBlock Files";
			sourceTree = "<group>";
		};
		0DADDAAA2355911C00E79F89 /* TimeBlock Files */ = {
			isa = PBXGroup;
			children = (
				0DADDAAB2355915700E79F89 /* TimeFiveMinCell.swift */,
				0DADDAAD2355916A00E79F89 /* TimeTenMinCell.swift */,
				0DADDAAF2355917C00E79F89 /* TimeFifteenMinCell.swift */,
				0DADDAB12355918A00E79F89 /* TimeTwentyMinCell.swift */,
				0DADDAB32355919800E79F89 /* TimeTwentyFiveMinCell.swift */,
				0DADDAB5235591C200E79F89 /* TimeThirtyMinAndUpCell.swift */,
			);
			path = "TimeBlock Files";
			sourceTree = "<group>";
		};
		0DBF3E9222B03D7A00E180D2 /* Supporting Files */ = {
			isa = PBXGroup;
			children = (
				0DBF3E9622B03DC800E180D2 /* ProgressHUD.bundle */,
				0DBF3E9422B03DC800E180D2 /* ProgressHUD.h */,
				0DBF3E9522B03DC800E180D2 /* ProgressHUD.m */,
				0DBF3E9322B03DC700E180D2 /* Block Pro-Bridging-Header.h */,
			);
			name = "Supporting Files";
			sourceTree = "<group>";
		};
		0DDF79C323466ED100BAAD51 /* User Controller Files */ = {
			isa = PBXGroup;
			children = (
				0DDF79C42346AB9B00BAAD51 /* UserSettingsViewController.swift */,
				0D112835234C2BF00080774C /* InfoViewController.swift */,
			);
			path = "User Controller Files";
			sourceTree = "<group>";
		};
		0DE3CDDB235FDD5A005255A1 /* FreeTime Model */ = {
			isa = PBXGroup;
			children = (
				0DE3CDD7235FDD3A005255A1 /* Cards.swift */,
				0DE3CDD9235FDD49005255A1 /* Tasks.swift */,
			);
			path = "FreeTime Model";
			sourceTree = "<group>";
		};
		0DE3CDDC23629AAD005255A1 /* FreeTime Controller Files */ = {
			isa = PBXGroup;
			children = (
				0D035328235D634E00BB79B4 /* FreeTimeViewController.swift */,
			);
			path = "FreeTime Controller Files";
			sourceTree = "<group>";
		};
		228C6ABD480D61E87673ABC1 /* Frameworks */ = {
			isa = PBXGroup;
			children = (
				98E6050DEED70E18C306AE20 /* Pods_Block_Pro.framework */,
			);
			name = Frameworks;
			sourceTree = "<group>";
		};
/* End PBXGroup section */

/* Begin PBXNativeTarget section */
		0D2CECEB228FB55600CC9180 /* Block Pro */ = {
			isa = PBXNativeTarget;
			buildConfigurationList = 0D2CECFE228FB55800CC9180 /* Build configuration list for PBXNativeTarget "Block Pro" */;
			buildPhases = (
				2C4AC40C72960EAD31ECF451 /* [CP] Check Pods Manifest.lock */,
				0D2CECE8228FB55600CC9180 /* Sources */,
				0D2CECE9228FB55600CC9180 /* Frameworks */,
				0D2CECEA228FB55600CC9180 /* Resources */,
				6C9E82B11182580C0B98BEAB /* [CP] Embed Pods Frameworks */,
			);
			buildRules = (
			);
			dependencies = (
			);
			name = "Block Pro";
			productName = "Block Pro";
			productReference = 0D2CECEC228FB55600CC9180 /* Block Pro.app */;
			productType = "com.apple.product-type.application";
		};
/* End PBXNativeTarget section */

/* Begin PBXProject section */
		0D2CECE4228FB55600CC9180 /* Project object */ = {
			isa = PBXProject;
			attributes = {
				LastSwiftUpdateCheck = 1010;
				LastUpgradeCheck = 1010;
				ORGANIZATIONNAME = "Nimat Azeez";
				TargetAttributes = {
					0D2CECEB228FB55600CC9180 = {
						CreatedOnToolsVersion = 10.1;
						LastSwiftMigration = 1020;
					};
				};
			};
			buildConfigurationList = 0D2CECE7228FB55600CC9180 /* Build configuration list for PBXProject "Block Pro" */;
			compatibilityVersion = "Xcode 10.0";
			developmentRegion = en;
			hasScannedForEncodings = 0;
			knownRegions = (
				en,
				Base,
			);
			mainGroup = 0D2CECE3228FB55600CC9180;
			productRefGroup = 0D2CECED228FB55600CC9180 /* Products */;
			projectDirPath = "";
			projectRoot = "";
			targets = (
				0D2CECEB228FB55600CC9180 /* Block Pro */,
			);
		};
/* End PBXProject section */

/* Begin PBXResourcesBuildPhase section */
		0D2CECEA228FB55600CC9180 /* Resources */ = {
			isa = PBXResourcesBuildPhase;
			buildActionMask = 2147483647;
			files = (
				0D2CECFA228FB55800CC9180 /* LaunchScreen.storyboard in Resources */,
				0DA9F83D22A848A5008BECAE /* UserSettings.storyboard in Resources */,
				0DA9F83722A84862008BECAE /* Pomodoro.storyboard in Resources */,
				0D95C17C2328923000421BE0 /* Timer Running.wav in Resources */,
				0D1128332349A51B0080774C /* SettingsTableViewCell.xib in Resources */,
				0DA9F83B22A8488E008BECAE /* Collab.storyboard in Resources */,
				0DA9F83522A84833008BECAE /* FreeTime.storyboard in Resources */,
				0DBF3E9822B03DC800E180D2 /* ProgressHUD.bundle in Resources */,
				0D95C17A232886C400421BE0 /* Start Timer.wav in Resources */,
				0D2CED0B2290829300CC9180 /* CustomTimeTableCell.xib in Resources */,
				0D23076D22D29FE900A12393 /* UpcomingCollabTableCell.xib in Resources */,
				0D2CECF5228FB55600CC9180 /* Main.storyboard in Resources */,
				0D13ABFF232A15E60025EDC3 /* End Break.wav in Resources */,
				0DA9F83922A84879008BECAE /* TimeBlock.storyboard in Resources */,
				0D13ABFD232A15DF0025EDC3 /* Break Timer Running.wav in Resources */,
				0D13ABFB232A15D80025EDC3 /* Start Break.wav in Resources */,
				0D13AC02232DDBD40025EDC3 /* Assets.xcassets in Resources */,
				0DADDAB823579D1500E79F89 /* GoogleService-Info.plist in Resources */,
			);
			runOnlyForDeploymentPostprocessing = 0;
		};
/* End PBXResourcesBuildPhase section */

/* Begin PBXShellScriptBuildPhase section */
		2C4AC40C72960EAD31ECF451 /* [CP] Check Pods Manifest.lock */ = {
			isa = PBXShellScriptBuildPhase;
			buildActionMask = 2147483647;
			files = (
			);
			inputFileListPaths = (
			);
			inputPaths = (
				"${PODS_PODFILE_DIR_PATH}/Podfile.lock",
				"${PODS_ROOT}/Manifest.lock",
			);
			name = "[CP] Check Pods Manifest.lock";
			outputFileListPaths = (
			);
			outputPaths = (
				"$(DERIVED_FILE_DIR)/Pods-Block Pro-checkManifestLockResult.txt",
			);
			runOnlyForDeploymentPostprocessing = 0;
			shellPath = /bin/sh;
			shellScript = "diff \"${PODS_PODFILE_DIR_PATH}/Podfile.lock\" \"${PODS_ROOT}/Manifest.lock\" > /dev/null\nif [ $? != 0 ] ; then\n    # print error to STDERR\n    echo \"error: The sandbox is not in sync with the Podfile.lock. Run 'pod install' or update your CocoaPods installation.\" >&2\n    exit 1\nfi\n# This output is used by Xcode 'outputs' to avoid re-running this script phase.\necho \"SUCCESS\" > \"${SCRIPT_OUTPUT_FILE_0}\"\n";
			showEnvVarsInLog = 0;
		};
		6C9E82B11182580C0B98BEAB /* [CP] Embed Pods Frameworks */ = {
			isa = PBXShellScriptBuildPhase;
			buildActionMask = 2147483647;
			files = (
			);
			inputFileListPaths = (
			);
			inputPaths = (
				"${SRCROOT}/Pods/Target Support Files/Pods-Block Pro/Pods-Block Pro-frameworks.sh",
				"${BUILT_PRODUCTS_DIR}/BoringSSL-GRPC/openssl_grpc.framework",
				"${BUILT_PRODUCTS_DIR}/ChameleonFramework/ChameleonFramework.framework",
				"${BUILT_PRODUCTS_DIR}/GTMSessionFetcher/GTMSessionFetcher.framework",
				"${BUILT_PRODUCTS_DIR}/GoogleUtilities/GoogleUtilities.framework",
				"${BUILT_PRODUCTS_DIR}/JTAppleCalendar/JTAppleCalendar.framework",
				"${BUILT_PRODUCTS_DIR}/Protobuf/protobuf.framework",
				"${BUILT_PRODUCTS_DIR}/Realm/Realm.framework",
				"${BUILT_PRODUCTS_DIR}/RealmSwift/RealmSwift.framework",
				"${BUILT_PRODUCTS_DIR}/SwipeCellKit/SwipeCellKit.framework",
				"${BUILT_PRODUCTS_DIR}/gRPC-C++/grpcpp.framework",
				"${BUILT_PRODUCTS_DIR}/gRPC-Core/grpc.framework",
				"${BUILT_PRODUCTS_DIR}/iProgressHUD/iProgressHUD.framework",
				"${BUILT_PRODUCTS_DIR}/leveldb-library/leveldb.framework",
				"${BUILT_PRODUCTS_DIR}/nanopb/nanopb.framework",
			);
			name = "[CP] Embed Pods Frameworks";
			outputFileListPaths = (
			);
			outputPaths = (
				"${TARGET_BUILD_DIR}/${FRAMEWORKS_FOLDER_PATH}/openssl_grpc.framework",
				"${TARGET_BUILD_DIR}/${FRAMEWORKS_FOLDER_PATH}/ChameleonFramework.framework",
				"${TARGET_BUILD_DIR}/${FRAMEWORKS_FOLDER_PATH}/GTMSessionFetcher.framework",
				"${TARGET_BUILD_DIR}/${FRAMEWORKS_FOLDER_PATH}/GoogleUtilities.framework",
				"${TARGET_BUILD_DIR}/${FRAMEWORKS_FOLDER_PATH}/JTAppleCalendar.framework",
				"${TARGET_BUILD_DIR}/${FRAMEWORKS_FOLDER_PATH}/protobuf.framework",
				"${TARGET_BUILD_DIR}/${FRAMEWORKS_FOLDER_PATH}/Realm.framework",
				"${TARGET_BUILD_DIR}/${FRAMEWORKS_FOLDER_PATH}/RealmSwift.framework",
				"${TARGET_BUILD_DIR}/${FRAMEWORKS_FOLDER_PATH}/SwipeCellKit.framework",
				"${TARGET_BUILD_DIR}/${FRAMEWORKS_FOLDER_PATH}/grpcpp.framework",
				"${TARGET_BUILD_DIR}/${FRAMEWORKS_FOLDER_PATH}/grpc.framework",
				"${TARGET_BUILD_DIR}/${FRAMEWORKS_FOLDER_PATH}/iProgressHUD.framework",
				"${TARGET_BUILD_DIR}/${FRAMEWORKS_FOLDER_PATH}/leveldb.framework",
				"${TARGET_BUILD_DIR}/${FRAMEWORKS_FOLDER_PATH}/nanopb.framework",
			);
			runOnlyForDeploymentPostprocessing = 0;
			shellPath = /bin/sh;
			shellScript = "\"${SRCROOT}/Pods/Target Support Files/Pods-Block Pro/Pods-Block Pro-frameworks.sh\"\n";
			showEnvVarsInLog = 0;
		};
/* End PBXShellScriptBuildPhase section */

/* Begin PBXSourcesBuildPhase section */
		0D2CECE8228FB55600CC9180 /* Sources */ = {
			isa = PBXSourcesBuildPhase;
			buildActionMask = 2147483647;
			files = (
				0D872F7C22E25350001D35B4 /* UserSingleton.swift in Sources */,
				0DDF79C52346AB9B00BAAD51 /* UserSettingsViewController.swift in Sources */,
				0DBF3EAA22BD3F3200E180D2 /* DateHeader.swift in Sources */,
				0D41F5BC2311C05B00B4B11E /* CollabFiveMinCell.swift in Sources */,
				0D3A9E2722F3EE560052BCB6 /* CollabBlockPopoverViewController.swift in Sources */,
				0D872F7A22E01F7C001D35B4 /* Friend.swift in Sources */,
				0D872F8122E65F8E001D35B4 /* PendingCollab.swift in Sources */,
				0D23076F22D3B31D00A12393 /* FriendsViewController.swift in Sources */,
				0D23076322D299DC00A12393 /* UpcomingCollabViewController.swift in Sources */,
				0DDDA65522DA842A00B69A4E /* FriendSearchResults.swift in Sources */,
				0D112836234C2BF00080774C /* InfoViewController.swift in Sources */,
				0DADDAB42355919800E79F89 /* TimeTwentyFiveMinCell.swift in Sources */,
				0D872F7822DEE925001D35B4 /* PendingFriend.swift in Sources */,
				0D23077822D580CF00A12393 /* NewCollabViewController.swift in Sources */,
				0D2CECF2228FB55600CC9180 /* TimeBlockViewController.swift in Sources */,
				0D41F5C02311EC6A00B4B11E /* CollabFifteenMinCell.swift in Sources */,
				0D41F5C6231376FB00B4B11E /* CollabThirtyMinAndUpCell.swift in Sources */,
				0DE3CDD8235FDD3A005255A1 /* Cards.swift in Sources */,
				0D23077A22D6CD9900A12393 /* CollabBlockViewController.swift in Sources */,
				0D872F7F22E2ABF0001D35B4 /* UpcomingCollab.swift in Sources */,
				0D3A9E2222EFF81F0052BCB6 /* AUCollabBlockViewController.swift in Sources */,
				0D2CECF0228FB55600CC9180 /* AppDelegate.swift in Sources */,
				0DDDA64F22D7D61B00B69A4E /* LogIn_RegisterViewController.swift in Sources */,
				0DA9F84122AC7C42008BECAE /* BlockPopoverViewController.swift in Sources */,
				0D3A9E2522F367460052BCB6 /* CollabBlock.swift in Sources */,
				0D93300822927C7500B6191D /* Block.swift in Sources */,
				0D41F5BE2311E4F100B4B11E /* CollabTenMinCell.swift in Sources */,
				0D2CED0A2290829300CC9180 /* CustomTimeTableCell.swift in Sources */,
				0DBF3EA622BB1E7900E180D2 /* DateCell.swift in Sources */,
				0DA9F83F22A86C26008BECAE /* TimeBlocksDate.swift in Sources */,
				0D2707FC2326DF9000592EC8 /* PomodoroViewController.swift in Sources */,
				0DBF3E9722B03DC800E180D2 /* ProgressHUD.m in Sources */,
				0DDF79C72346CE0500BAAD51 /* ProfileCell.swift in Sources */,
				0DDDA65122DA59BE00B69A4E /* AddFriendViewController.swift in Sources */,
				0D1128322349A51B0080774C /* SettingsTableViewCell.swift in Sources */,
				0DADDAAE2355916A00E79F89 /* TimeTenMinCell.swift in Sources */,
				0D23077622D3DB6D00A12393 /* SelectedFriendViewController.swift in Sources */,
				0D1E0B19229F856000638772 /* Add_Update_BlockViewController.swift in Sources */,
				0D41F5C423124B3700B4B11E /* CollabTwentyFiveMinCell.swift in Sources */,
				0DADDAB6235591C200E79F89 /* TimeThirtyMinAndUpCell.swift in Sources */,
				0D035329235D634E00BB79B4 /* FreeTimeViewController.swift in Sources */,
				0D23076C22D29FE900A12393 /* UpcomingCollabTableCell.swift in Sources */,
				0DADDAB22355918A00E79F89 /* TimeTwentyMinCell.swift in Sources */,
				0DFE5C1C231DF7C10025B4EB /* FriendCell.swift in Sources */,
				0D41F5C2231203A200B4B11E /* CollabTwentyMinCell.swift in Sources */,
				0DADDAAC2355915700E79F89 /* TimeFiveMinCell.swift in Sources */,
				0DADDAB02355917C00E79F89 /* TimeFifteenMinCell.swift in Sources */,
				0D872F7622DBE435001D35B4 /* FriendRequest.swift in Sources */,
				0DE3CDDA235FDD49005255A1 /* Tasks.swift in Sources */,
				0D13AC04232DF0560025EDC3 /* EditPomodoroViewController.swift in Sources */,
			);
			runOnlyForDeploymentPostprocessing = 0;
		};
/* End PBXSourcesBuildPhase section */

/* Begin PBXVariantGroup section */
		0D2CECF3228FB55600CC9180 /* Main.storyboard */ = {
			isa = PBXVariantGroup;
			children = (
				0D2CECF4228FB55600CC9180 /* Base */,
			);
			name = Main.storyboard;
			sourceTree = "<group>";
		};
		0D2CECF8228FB55800CC9180 /* LaunchScreen.storyboard */ = {
			isa = PBXVariantGroup;
			children = (
				0D2CECF9228FB55800CC9180 /* Base */,
			);
			name = LaunchScreen.storyboard;
			sourceTree = "<group>";
		};
/* End PBXVariantGroup section */

/* Begin XCBuildConfiguration section */
		0D2CECFC228FB55800CC9180 /* Debug */ = {
			isa = XCBuildConfiguration;
			buildSettings = {
				ALWAYS_SEARCH_USER_PATHS = NO;
				CLANG_ANALYZER_NONNULL = YES;
				CLANG_ANALYZER_NUMBER_OBJECT_CONVERSION = YES_AGGRESSIVE;
				CLANG_CXX_LANGUAGE_STANDARD = "gnu++14";
				CLANG_CXX_LIBRARY = "libc++";
				CLANG_ENABLE_MODULES = YES;
				CLANG_ENABLE_OBJC_ARC = YES;
				CLANG_ENABLE_OBJC_WEAK = YES;
				CLANG_WARN_BLOCK_CAPTURE_AUTORELEASING = YES;
				CLANG_WARN_BOOL_CONVERSION = YES;
				CLANG_WARN_COMMA = YES;
				CLANG_WARN_CONSTANT_CONVERSION = YES;
				CLANG_WARN_DEPRECATED_OBJC_IMPLEMENTATIONS = YES;
				CLANG_WARN_DIRECT_OBJC_ISA_USAGE = YES_ERROR;
				CLANG_WARN_DOCUMENTATION_COMMENTS = YES;
				CLANG_WARN_EMPTY_BODY = YES;
				CLANG_WARN_ENUM_CONVERSION = YES;
				CLANG_WARN_INFINITE_RECURSION = YES;
				CLANG_WARN_INT_CONVERSION = YES;
				CLANG_WARN_NON_LITERAL_NULL_CONVERSION = YES;
				CLANG_WARN_OBJC_IMPLICIT_RETAIN_SELF = YES;
				CLANG_WARN_OBJC_LITERAL_CONVERSION = YES;
				CLANG_WARN_OBJC_ROOT_CLASS = YES_ERROR;
				CLANG_WARN_RANGE_LOOP_ANALYSIS = YES;
				CLANG_WARN_STRICT_PROTOTYPES = YES;
				CLANG_WARN_SUSPICIOUS_MOVE = YES;
				CLANG_WARN_UNGUARDED_AVAILABILITY = YES_AGGRESSIVE;
				CLANG_WARN_UNREACHABLE_CODE = YES;
				CLANG_WARN__DUPLICATE_METHOD_MATCH = YES;
				CODE_SIGN_IDENTITY = "iPhone Developer";
				COPY_PHASE_STRIP = NO;
				DEBUG_INFORMATION_FORMAT = dwarf;
				ENABLE_STRICT_OBJC_MSGSEND = YES;
				ENABLE_TESTABILITY = YES;
				GCC_C_LANGUAGE_STANDARD = gnu11;
				GCC_DYNAMIC_NO_PIC = NO;
				GCC_NO_COMMON_BLOCKS = YES;
				GCC_OPTIMIZATION_LEVEL = 0;
				GCC_PREPROCESSOR_DEFINITIONS = (
					"DEBUG=1",
					"$(inherited)",
				);
				GCC_WARN_64_TO_32_BIT_CONVERSION = YES;
				GCC_WARN_ABOUT_RETURN_TYPE = YES_ERROR;
				GCC_WARN_UNDECLARED_SELECTOR = YES;
				GCC_WARN_UNINITIALIZED_AUTOS = YES_AGGRESSIVE;
				GCC_WARN_UNUSED_FUNCTION = YES;
				GCC_WARN_UNUSED_VARIABLE = YES;
				IPHONEOS_DEPLOYMENT_TARGET = 13.0;
				MTL_ENABLE_DEBUG_INFO = INCLUDE_SOURCE;
				MTL_FAST_MATH = YES;
				ONLY_ACTIVE_ARCH = YES;
				SDKROOT = iphoneos;
				SWIFT_ACTIVE_COMPILATION_CONDITIONS = DEBUG;
				SWIFT_OPTIMIZATION_LEVEL = "-Onone";
			};
			name = Debug;
		};
		0D2CECFD228FB55800CC9180 /* Release */ = {
			isa = XCBuildConfiguration;
			buildSettings = {
				ALWAYS_SEARCH_USER_PATHS = NO;
				CLANG_ANALYZER_NONNULL = YES;
				CLANG_ANALYZER_NUMBER_OBJECT_CONVERSION = YES_AGGRESSIVE;
				CLANG_CXX_LANGUAGE_STANDARD = "gnu++14";
				CLANG_CXX_LIBRARY = "libc++";
				CLANG_ENABLE_MODULES = YES;
				CLANG_ENABLE_OBJC_ARC = YES;
				CLANG_ENABLE_OBJC_WEAK = YES;
				CLANG_WARN_BLOCK_CAPTURE_AUTORELEASING = YES;
				CLANG_WARN_BOOL_CONVERSION = YES;
				CLANG_WARN_COMMA = YES;
				CLANG_WARN_CONSTANT_CONVERSION = YES;
				CLANG_WARN_DEPRECATED_OBJC_IMPLEMENTATIONS = YES;
				CLANG_WARN_DIRECT_OBJC_ISA_USAGE = YES_ERROR;
				CLANG_WARN_DOCUMENTATION_COMMENTS = YES;
				CLANG_WARN_EMPTY_BODY = YES;
				CLANG_WARN_ENUM_CONVERSION = YES;
				CLANG_WARN_INFINITE_RECURSION = YES;
				CLANG_WARN_INT_CONVERSION = YES;
				CLANG_WARN_NON_LITERAL_NULL_CONVERSION = YES;
				CLANG_WARN_OBJC_IMPLICIT_RETAIN_SELF = YES;
				CLANG_WARN_OBJC_LITERAL_CONVERSION = YES;
				CLANG_WARN_OBJC_ROOT_CLASS = YES_ERROR;
				CLANG_WARN_RANGE_LOOP_ANALYSIS = YES;
				CLANG_WARN_STRICT_PROTOTYPES = YES;
				CLANG_WARN_SUSPICIOUS_MOVE = YES;
				CLANG_WARN_UNGUARDED_AVAILABILITY = YES_AGGRESSIVE;
				CLANG_WARN_UNREACHABLE_CODE = YES;
				CLANG_WARN__DUPLICATE_METHOD_MATCH = YES;
				CODE_SIGN_IDENTITY = "iPhone Developer";
				COPY_PHASE_STRIP = NO;
				DEBUG_INFORMATION_FORMAT = "dwarf-with-dsym";
				ENABLE_NS_ASSERTIONS = NO;
				ENABLE_STRICT_OBJC_MSGSEND = YES;
				GCC_C_LANGUAGE_STANDARD = gnu11;
				GCC_NO_COMMON_BLOCKS = YES;
				GCC_WARN_64_TO_32_BIT_CONVERSION = YES;
				GCC_WARN_ABOUT_RETURN_TYPE = YES_ERROR;
				GCC_WARN_UNDECLARED_SELECTOR = YES;
				GCC_WARN_UNINITIALIZED_AUTOS = YES_AGGRESSIVE;
				GCC_WARN_UNUSED_FUNCTION = YES;
				GCC_WARN_UNUSED_VARIABLE = YES;
				IPHONEOS_DEPLOYMENT_TARGET = 13.0;
				MTL_ENABLE_DEBUG_INFO = NO;
				MTL_FAST_MATH = YES;
				SDKROOT = iphoneos;
				SWIFT_COMPILATION_MODE = wholemodule;
				SWIFT_OPTIMIZATION_LEVEL = "-O";
				VALIDATE_PRODUCT = YES;
			};
			name = Release;
		};
		0D2CECFF228FB55800CC9180 /* Debug */ = {
			isa = XCBuildConfiguration;
			baseConfigurationReference = 1D0490F2C7F38046D7568719 /* Pods-Block Pro.debug.xcconfig */;
			buildSettings = {
				ASSETCATALOG_COMPILER_APPICON_NAME = AppIcon;
				CLANG_ENABLE_MODULES = YES;
				CODE_SIGN_ENTITLEMENTS = "Block Pro/Block Pro.entitlements";
				CODE_SIGN_IDENTITY = "Apple Development";
				CODE_SIGN_STYLE = Automatic;
				DEVELOPMENT_TEAM = 6YUNA7374D;
				INFOPLIST_FILE = "Block Pro/Info.plist";
				LD_RUNPATH_SEARCH_PATHS = (
					"$(inherited)",
					"@executable_path/Frameworks",
				);
				PRODUCT_BUNDLE_IDENTIFIER = com.quasarkstudios.blockspro;
				PRODUCT_NAME = "$(TARGET_NAME)";
				PROVISIONING_PROFILE_SPECIFIER = "";
				SWIFT_OBJC_BRIDGING_HEADER = "Block Pro-Bridging-Header.h";
				SWIFT_OPTIMIZATION_LEVEL = "-Onone";
				SWIFT_VERSION = 5.0;
				TARGETED_DEVICE_FAMILY = 1;
			};
			name = Debug;
		};
		0D2CED00228FB55800CC9180 /* Release */ = {
			isa = XCBuildConfiguration;
			baseConfigurationReference = D04DF5311F0F5E23147C9F68 /* Pods-Block Pro.release.xcconfig */;
			buildSettings = {
				ASSETCATALOG_COMPILER_APPICON_NAME = AppIcon;
				CLANG_ENABLE_MODULES = YES;
				CODE_SIGN_ENTITLEMENTS = "Block Pro/Block Pro.entitlements";
				CODE_SIGN_IDENTITY = "Apple Development";
				CODE_SIGN_STYLE = Automatic;
				DEVELOPMENT_TEAM = 6YUNA7374D;
				INFOPLIST_FILE = "Block Pro/Info.plist";
				LD_RUNPATH_SEARCH_PATHS = (
					"$(inherited)",
					"@executable_path/Frameworks",
				);
				PRODUCT_BUNDLE_IDENTIFIER = com.quasarkstudios.blockspro;
				PRODUCT_NAME = "$(TARGET_NAME)";
				PROVISIONING_PROFILE_SPECIFIER = "";
				SWIFT_OBJC_BRIDGING_HEADER = "Block Pro-Bridging-Header.h";
				SWIFT_VERSION = 5.0;
				TARGETED_DEVICE_FAMILY = 1;
			};
			name = Release;
		};
/* End XCBuildConfiguration section */

/* Begin XCConfigurationList section */
		0D2CECE7228FB55600CC9180 /* Build configuration list for PBXProject "Block Pro" */ = {
			isa = XCConfigurationList;
			buildConfigurations = (
				0D2CECFC228FB55800CC9180 /* Debug */,
				0D2CECFD228FB55800CC9180 /* Release */,
			);
			defaultConfigurationIsVisible = 0;
			defaultConfigurationName = Release;
		};
		0D2CECFE228FB55800CC9180 /* Build configuration list for PBXNativeTarget "Block Pro" */ = {
			isa = XCConfigurationList;
			buildConfigurations = (
				0D2CECFF228FB55800CC9180 /* Debug */,
				0D2CED00228FB55800CC9180 /* Release */,
			);
			defaultConfigurationIsVisible = 0;
			defaultConfigurationName = Release;
		};
/* End XCConfigurationList section */
	};
	rootObject = 0D2CECE4228FB55600CC9180 /* Project object */;
}
